
Microsoft Visual Studio Solution File, Format Version 12.00
# Visual Studio Version 16
VisualStudioVersion = 16.0.31729.503
MinimumVisualStudioVersion = 10.0.40219.1
Project("{9A19103F-16F7-4668-BE54-9A1E7A4F7556}") = "shop.API", "shop.API\shop.API.csproj", "{6CBF74C0-C446-4DB0-BA5E-20B24C44F7B9}"
EndProject
Project("{9A19103F-16F7-4668-BE54-9A1E7A4F7556}") = "shop.Business", "shop.Business\shop.Business.csproj", "{78181C7E-62D1-4C30-8AEF-10EB37955E14}"
EndProject
Project("{9A19103F-16F7-4668-BE54-9A1E7A4F7556}") = "shop.DataAccess", "shop.DataAccess\shop.DataAccess.csproj", "{76BEA2A4-0E96-44B3-956C-01521138342D}"
EndProject
Project("{9A19103F-16F7-4668-BE54-9A1E7A4F7556}") = "shop.Entities", "shop.Entities\shop.Entities.csproj", "{5BAC5004-0326-4A1B-9250-362C0EDB6BC9}"
EndProject
Project("{FAE04EC0-301F-11D3-BF4B-00C04F79EFBC}") = "shop.DTOs", "shop.DTOs\shop.DTOs.csproj", "{CA5DA5E5-EC7E-4C57-821D-68E689CB2DCE}"
EndProject
Global
	GlobalSection(SolutionConfigurationPlatforms) = preSolution
		Debug|Any CPU = Debug|Any CPU
		Release|Any CPU = Release|Any CPU
	EndGlobalSection
	GlobalSection(ProjectConfigurationPlatforms) = postSolution
		{6CBF74C0-C446-4DB0-BA5E-20B24C44F7B9}.Debug|Any CPU.ActiveCfg = Debug|Any CPU
		{6CBF74C0-C446-4DB0-BA5E-20B24C44F7B9}.Debug|Any CPU.Build.0 = Debug|Any CPU
		{6CBF74C0-C446-4DB0-BA5E-20B24C44F7B9}.Release|Any CPU.ActiveCfg = Release|Any CPU
		{6CBF74C0-C446-4DB0-BA5E-20B24C44F7B9}.Release|Any CPU.Build.0 = Release|Any CPU
		{78181C7E-62D1-4C30-8AEF-10EB37955E14}.Debug|Any CPU.ActiveCfg = Debug|Any CPU
		{78181C7E-62D1-4C30-8AEF-10EB37955E14}.Debug|Any CPU.Build.0 = Debug|Any CPU
		{78181C7E-62D1-4C30-8AEF-10EB37955E14}.Release|Any CPU.ActiveCfg = Release|Any CPU
		{78181C7E-62D1-4C30-8AEF-10EB37955E14}.Release|Any CPU.Build.0 = Release|Any CPU
		{76BEA2A4-0E96-44B3-956C-01521138342D}.Debug|Any CPU.ActiveCfg = Debug|Any CPU
		{76BEA2A4-0E96-44B3-956C-01521138342D}.Debug|Any CPU.Build.0 = Debug|Any CPU
		{76BEA2A4-0E96-44B3-956C-01521138342D}.Release|Any CPU.ActiveCfg = Release|Any CPU
		{76BEA2A4-0E96-44B3-956C-01521138342D}.Release|Any CPU.Build.0 = Release|Any CPU
		{5BAC5004-0326-4A1B-9250-362C0EDB6BC9}.Debug|Any CPU.ActiveCfg = Debug|Any CPU
		{5BAC5004-0326-4A1B-9250-362C0EDB6BC9}.Debug|Any CPU.Build.0 = Debug|Any CPU
		{5BAC5004-0326-4A1B-9250-362C0EDB6BC9}.Release|Any CPU.ActiveCfg = Release|Any CPU
		{5BAC5004-0326-4A1B-9250-362C0EDB6BC9}.Release|Any CPU.Build.0 = Release|Any CPU
		{CA5DA5E5-EC7E-4C57-821D-68E689CB2DCE}.Debug|Any CPU.ActiveCfg = Debug|Any CPU
		{CA5DA5E5-EC7E-4C57-821D-68E689CB2DCE}.Debug|Any CPU.Build.0 = Debug|Any CPU
		{CA5DA5E5-EC7E-4C57-821D-68E689CB2DCE}.Release|Any CPU.ActiveCfg = Release|Any CPU
		{CA5DA5E5-EC7E-4C57-821D-68E689CB2DCE}.Release|Any CPU.Build.0 = Release|Any CPU
	EndGlobalSection
	GlobalSection(SolutionProperties) = preSolution
		HideSolutionNode = FALSE
	EndGlobalSection
	GlobalSection(ExtensibilityGlobals) = postSolution
		SolutionGuid = {D380FCB3-4CCB-4C1C-A84B-C4458E903D6A}
	EndGlobalSection
EndGlobal
